
Microsoft Visual Studio Solution File, Format Version 12.00
# Visual Studio Version 17
VisualStudioVersion = 17.9.34607.119
MinimumVisualStudioVersion = 10.0.40219.1
Project("{8BC9CEB8-8B4A-11D0-8D11-00A0C91BC942}") = "G1070S01", "G1070S01.vcxproj", "{52572187-D92F-4902-AF42-9AA4E79E9F3D}"
EndProject
Global
	GlobalSection(SolutionConfigurationPlatforms) = preSolution
		Debug|x64 = Debug|x64
		Debug|x86 = Debug|x86
		Release|x64 = Release|x64
		Release|x86 = Release|x86
	EndGlobalSection
	GlobalSection(ProjectConfigurationPlatforms) = postSolution
		{52572187-D92F-4902-AF42-9AA4E79E9F3D}.Debug|x64.ActiveCfg = Debug|x64
		{52572187-D92F-4902-AF42-9AA4E79E9F3D}.Debug|x64.Build.0 = Debug|x64
		{52572187-D92F-4902-AF42-9AA4E79E9F3D}.Debug|x86.ActiveCfg = Debug|Win32
		{52572187-D92F-4902-AF42-9AA4E79E9F3D}.Debug|x86.Build.0 = Debug|Win32
		{52572187-D92F-4902-AF42-9AA4E79E9F3D}.Release|x64.ActiveCfg = Release|x64
		{52572187-D92F-4902-AF42-9AA4E79E9F3D}.Release|x64.Build.0 = Release|x64
		{52572187-D92F-4902-AF42-9AA4E79E9F3D}.Release|x86.ActiveCfg = Release|Win32
		{52572187-D92F-4902-AF42-9AA4E79E9F3D}.Release|x86.Build.0 = Release|Win32
	EndGlobalSection
	GlobalSection(SolutionProperties) = preSolution
		HideSolutionNode = FALSE
	EndGlobalSection
	GlobalSection(ExtensibilityGlobals) = postSolution
		SolutionGuid = {C52E52DE-C363-42FA-ACC4-0B80046870AD}
	EndGlobalSection
EndGlobal
